
Microsoft Visual Studio Solution File, Format Version 12.00
# Visual Studio Version 17
VisualStudioVersion = 17.14.36429.23 d17.14
MinimumVisualStudioVersion = 10.0.40219.1
Project("{FAE04EC0-301F-11D3-BF4B-00C04F79EFBC}") = "PlotThoseLines-P_FUN-SamuelSallaku", "PlotThoseLines-P_FUN-SamuelSallaku.csproj", "{48D62ECE-1AE9-4AA8-8AE5-4EF9AA4B78F5}"
EndProject
Global
	GlobalSection(SolutionConfigurationPlatforms) = preSolution
		Debug|Any CPU = Debug|Any CPU
		Release|Any CPU = Release|Any CPU
	EndGlobalSection
	GlobalSection(ProjectConfigurationPlatforms) = postSolution
		{48D62ECE-1AE9-4AA8-8AE5-4EF9AA4B78F5}.Debug|Any CPU.ActiveCfg = Debug|Any CPU
		{48D62ECE-1AE9-4AA8-8AE5-4EF9AA4B78F5}.Debug|Any CPU.Build.0 = Debug|Any CPU
		{48D62ECE-1AE9-4AA8-8AE5-4EF9AA4B78F5}.Release|Any CPU.ActiveCfg = Release|Any CPU
		{48D62ECE-1AE9-4AA8-8AE5-4EF9AA4B78F5}.Release|Any CPU.Build.0 = Release|Any CPU
	EndGlobalSection
	GlobalSection(SolutionProperties) = preSolution
		HideSolutionNode = FALSE
	EndGlobalSection
	GlobalSection(ExtensibilityGlobals) = postSolution
		SolutionGuid = {0EB54F32-AD30-4A42-8439-53617F2EF299}
	EndGlobalSection
EndGlobal
